
Microsoft Visual Studio Solution File, Format Version 12.00
# Visual Studio Version 17
VisualStudioVersion = 17.7.34221.43
MinimumVisualStudioVersion = 10.0.40219.1
Project("{FAE04EC0-301F-11D3-BF4B-00C04F79EFBC}") = "FirebaseAuth", "FirebaseAuth\FirebaseAuth.csproj", "{CC0CB511-F00D-4106-BA46-2F43EFF95910}"
EndProject
Global
	GlobalSection(SolutionConfigurationPlatforms) = preSolution
		Debug|Any CPU = Debug|Any CPU
		Release|Any CPU = Release|Any CPU
	EndGlobalSection
	GlobalSection(ProjectConfigurationPlatforms) = postSolution
		{CC0CB511-F00D-4106-BA46-2F43EFF95910}.Debug|Any CPU.ActiveCfg = Debug|Any CPU
		{CC0CB511-F00D-4106-BA46-2F43EFF95910}.Debug|Any CPU.Build.0 = Debug|Any CPU
		{CC0CB511-F00D-4106-BA46-2F43EFF95910}.Debug|Any CPU.Deploy.0 = Debug|Any CPU
		{CC0CB511-F00D-4106-BA46-2F43EFF95910}.Release|Any CPU.ActiveCfg = Release|Any CPU
		{CC0CB511-F00D-4106-BA46-2F43EFF95910}.Release|Any CPU.Build.0 = Release|Any CPU
		{CC0CB511-F00D-4106-BA46-2F43EFF95910}.Release|Any CPU.Deploy.0 = Release|Any CPU
	EndGlobalSection
	GlobalSection(SolutionProperties) = preSolution
		HideSolutionNode = FALSE
	EndGlobalSection
	GlobalSection(ExtensibilityGlobals) = postSolution
		SolutionGuid = {28D3F671-7FC7-4B89-9EAF-FD5B445A5CB6}
	EndGlobalSection
EndGlobal
